
Microsoft Visual Studio Solution File, Format Version 12.00
# Visual Studio Version 17
VisualStudioVersion = 17.0.31903.59
MinimumVisualStudioVersion = 10.0.40219.1
Project("{2150E333-8FDC-42A3-9474-1A3956D46DE8}") = "src", "src", "{359C2E65-F037-42E6-AB24-B7505413112C}"
EndProject
Project("{FAE04EC0-301F-11D3-BF4B-00C04F79EFBC}") = "AuctionService", "src\AuctionService\AuctionService.csproj", "{049BFF02-E6D0-419D-A050-65D247C4E030}"
EndProject
Global
	GlobalSection(SolutionConfigurationPlatforms) = preSolution
		Debug|Any CPU = Debug|Any CPU
		Release|Any CPU = Release|Any CPU
	EndGlobalSection
	GlobalSection(ProjectConfigurationPlatforms) = postSolution
		{049BFF02-E6D0-419D-A050-65D247C4E030}.Debug|Any CPU.ActiveCfg = Debug|Any CPU
		{049BFF02-E6D0-419D-A050-65D247C4E030}.Debug|Any CPU.Build.0 = Debug|Any CPU
		{049BFF02-E6D0-419D-A050-65D247C4E030}.Release|Any CPU.ActiveCfg = Release|Any CPU
		{049BFF02-E6D0-419D-A050-65D247C4E030}.Release|Any CPU.Build.0 = Release|Any CPU
	EndGlobalSection
	GlobalSection(SolutionProperties) = preSolution
		HideSolutionNode = FALSE
	EndGlobalSection
	GlobalSection(NestedProjects) = preSolution
		{049BFF02-E6D0-419D-A050-65D247C4E030} = {359C2E65-F037-42E6-AB24-B7505413112C}
	EndGlobalSection
EndGlobal
